// !$*UTF8*$!
{
	archiveVersion = 1;
	classes = {
	};
	objectVersion = 50;
	objects = {

/* Begin PBXBuildFile section */
		AB9E8E64230C190100BDC69A /* AppDelegate.swift in Sources */ = {isa = PBXBuildFile; fileRef = AB9E8E63230C190100BDC69A /* AppDelegate.swift */; };
		AB9E8E66230C190100BDC69A /* ViewController.swift in Sources */ = {isa = PBXBuildFile; fileRef = AB9E8E65230C190100BDC69A /* ViewController.swift */; };
		AB9E8E69230C190100BDC69A /* Main.storyboard in Resources */ = {isa = PBXBuildFile; fileRef = AB9E8E67230C190100BDC69A /* Main.storyboard */; };
		AB9E8E6C230C190100BDC69A /* NamesToFaces.xcdatamodeld in Sources */ = {isa = PBXBuildFile; fileRef = AB9E8E6A230C190100BDC69A /* NamesToFaces.xcdatamodeld */; };
		AB9E8E6E230C190400BDC69A /* Assets.xcassets in Resources */ = {isa = PBXBuildFile; fileRef = AB9E8E6D230C190400BDC69A /* Assets.xcassets */; };
		AB9E8E71230C190400BDC69A /* LaunchScreen.storyboard in Resources */ = {isa = PBXBuildFile; fileRef = AB9E8E6F230C190400BDC69A /* LaunchScreen.storyboard */; };
		AB9E8E79230C199000BDC69A /* CollectionViewCell.swift in Sources */ = {isa = PBXBuildFile; fileRef = AB9E8E78230C199000BDC69A /* CollectionViewCell.swift */; };
		AB9E8E7B230C1DE700BDC69A /* People.swift in Sources */ = {isa = PBXBuildFile; fileRef = AB9E8E7A230C1DE700BDC69A /* People.swift */; };
/* End PBXBuildFile section */

/* Begin PBXFileReference section */
		AB9E8E60230C190100BDC69A /* NamesToFaces.app */ = {isa = PBXFileReference; explicitFileType = wrapper.application; includeInIndex = 0; path = NamesToFaces.app; sourceTree = BUILT_PRODUCTS_DIR; };
		AB9E8E63230C190100BDC69A /* AppDelegate.swift */ = {isa = PBXFileReference; lastKnownFileType = sourcecode.swift; path = AppDelegate.swift; sourceTree = "<group>"; };
		AB9E8E65230C190100BDC69A /* ViewController.swift */ = {isa = PBXFileReference; lastKnownFileType = sourcecode.swift; path = ViewController.swift; sourceTree = "<group>"; };
		AB9E8E68230C190100BDC69A /* Base */ = {isa = PBXFileReference; lastKnownFileType = file.storyboard; name = Base; path = Base.lproj/Main.storyboard; sourceTree = "<group>"; };
		AB9E8E6B230C190100BDC69A /* NamesToFaces.xcdatamodel */ = {isa = PBXFileReference; lastKnownFileType = wrapper.xcdatamodel; path = NamesToFaces.xcdatamodel; sourceTree = "<group>"; };
		AB9E8E6D230C190400BDC69A /* Assets.xcassets */ = {isa = PBXFileReference; lastKnownFileType = folder.assetcatalog; path = Assets.xcassets; sourceTree = "<group>"; };
		AB9E8E70230C190400BDC69A /* Base */ = {isa = PBXFileReference; lastKnownFileType = file.storyboard; name = Base; path = Base.lproj/LaunchScreen.storyboard; sourceTree = "<group>"; };
		AB9E8E72230C190400BDC69A /* Info.plist */ = {isa = PBXFileReference; lastKnownFileType = text.plist.xml; path = Info.plist; sourceTree = "<group>"; };
		AB9E8E78230C199000BDC69A /* CollectionViewCell.swift */ = {isa = PBXFileReference; lastKnownFileType = sourcecode.swift; path = CollectionViewCell.swift; sourceTree = "<group>"; };
		AB9E8E7A230C1DE700BDC69A /* People.swift */ = {isa = PBXFileReference; lastKnownFileType = sourcecode.swift; path = People.swift; sourceTree = "<group>"; };
/* End PBXFileReference section */

/* Begin PBXFrameworksBuildPhase section */
		AB9E8E5D230C190100BDC69A /* Frameworks */ = {
			isa = PBXFrameworksBuildPhase;
			buildActionMask = 2147483647;
			files = (
			);
			runOnlyForDeploymentPostprocessing = 0;
		};
/* End PBXFrameworksBuildPhase section */

/* Begin PBXGroup section */
		AB9E8E57230C190100BDC69A = {
			isa = PBXGroup;
			children = (
				AB9E8E62230C190100BDC69A /* NamesToFaces */,
				AB9E8E61230C190100BDC69A /* Products */,
			);
			sourceTree = "<group>";
		};
		AB9E8E61230C190100BDC69A /* Products */ = {
			isa = PBXGroup;
			children = (
				AB9E8E60230C190100BDC69A /* NamesToFaces.app */,
			);
			name = Products;
			sourceTree = "<group>";
		};
		AB9E8E62230C190100BDC69A /* NamesToFaces */ = {
			isa = PBXGroup;
			children = (
				AB9E8E63230C190100BDC69A /* AppDelegate.swift */,
				AB9E8E65230C190100BDC69A /* ViewController.swift */,
				AB9E8E7A230C1DE700BDC69A /* People.swift */,
				AB9E8E78230C199000BDC69A /* CollectionViewCell.swift */,
				AB9E8E67230C190100BDC69A /* Main.storyboard */,
				AB9E8E6D230C190400BDC69A /* Assets.xcassets */,
				AB9E8E6F230C190400BDC69A /* LaunchScreen.storyboard */,
				AB9E8E72230C190400BDC69A /* Info.plist */,
				AB9E8E6A230C190100BDC69A /* NamesToFaces.xcdatamodeld */,
			);
			path = NamesToFaces;
			sourceTree = "<group>";
		};
/* End PBXGroup section */

/* Begin PBXNativeTarget section */
		AB9E8E5F230C190100BDC69A /* NamesToFaces */ = {
			isa = PBXNativeTarget;
			buildConfigurationList = AB9E8E75230C190400BDC69A /* Build configuration list for PBXNativeTarget "NamesToFaces" */;
			buildPhases = (
				AB9E8E5C230C190100BDC69A /* Sources */,
				AB9E8E5D230C190100BDC69A /* Frameworks */,
				AB9E8E5E230C190100BDC69A /* Resources */,
			);
			buildRules = (
			);
			dependencies = (
			);
			name = NamesToFaces;
			productName = NamesToFaces;
			productReference = AB9E8E60230C190100BDC69A /* NamesToFaces.app */;
			productType = "com.apple.product-type.application";
		};
/* End PBXNativeTarget section */

/* Begin PBXProject section */
		AB9E8E58230C190100BDC69A /* Project object */ = {
			isa = PBXProject;
			attributes = {
				LastSwiftUpdateCheck = 1030;
				LastUpgradeCheck = 1030;
				ORGANIZATIONNAME = "Talha Ayar";
				TargetAttributes = {
					AB9E8E5F230C190100BDC69A = {
						CreatedOnToolsVersion = 10.3;
					};
				};
			};
			buildConfigurationList = AB9E8E5B230C190100BDC69A /* Build configuration list for PBXProject "NamesToFaces" */;
			compatibilityVersion = "Xcode 9.3";
			developmentRegion = en;
			hasScannedForEncodings = 0;
			knownRegions = (
				en,
				Base,
			);
			mainGroup = AB9E8E57230C190100BDC69A;
			productRefGroup = AB9E8E61230C190100BDC69A /* Products */;
			projectDirPath = "";
			projectRoot = "";
			targets = (
				AB9E8E5F230C190100BDC69A /* NamesToFaces */,
			);
		};
/* End PBXProject section */

/* Begin PBXResourcesBuildPhase section */
		AB9E8E5E230C190100BDC69A /* Resources */ = {
			isa = PBXResourcesBuildPhase;
			buildActionMask = 2147483647;
			files = (
				AB9E8E71230C190400BDC69A /* LaunchScreen.storyboard in Resources */,
				AB9E8E6E230C190400BDC69A /* Assets.xcassets in Resources */,
				AB9E8E69230C190100BDC69A /* Main.storyboard in Resources */,
			);
			runOnlyForDeploymentPostprocessing = 0;
		};
/* End PBXResourcesBuildPhase section */

/* Begin PBXSourcesBuildPhase section */
		AB9E8E5C230C190100BDC69A /* Sources */ = {
			isa = PBXSourcesBuildPhase;
			buildActionMask = 2147483647;
			files = (
				AB9E8E66230C190100BDC69A /* ViewController.swift in Sources */,
				AB9E8E6C230C190100BDC69A /* NamesToFaces.xcdatamodeld in Sources */,
				AB9E8E79230C199000BDC69A /* CollectionViewCell.swift in Sources */,
				AB9E8E64230C190100BDC69A /* AppDelegate.swift in Sources */,
				AB9E8E7B230C1DE700BDC69A /* People.swift in Sources */,
			);
			runOnlyForDeploymentPostprocessing = 0;
		};
/* End PBXSourcesBuildPhase section */

/* Begin PBXVariantGroup section */
		AB9E8E67230C190100BDC69A /* Main.storyboard */ = {
			isa = PBXVariantGroup;
			children = (
				AB9E8E68230C190100BDC69A /* Base */,
			);
			name = Main.storyboard;
			sourceTree = "<group>";
		};
		AB9E8E6F230C190400BDC69A /* LaunchScreen.storyboard */ = {
			isa = PBXVariantGroup;
			children = (
				AB9E8E70230C190400BDC69A /* Base */,
			);
			name = LaunchScreen.storyboard;
			sourceTree = "<group>";
		};
/* End PBXVariantGroup section */

/* Begin XCBuildConfiguration section */
		AB9E8E73230C190400BDC69A /* Debug */ = {
			isa = XCBuildConfiguration;
			buildSettings = {
				ALWAYS_SEARCH_USER_PATHS = NO;
				CLANG_ANALYZER_NONNULL = YES;
				CLANG_ANALYZER_NUMBER_OBJECT_CONVERSION = YES_AGGRESSIVE;
				CLANG_CXX_LANGUAGE_STANDARD = "gnu++14";
				CLANG_CXX_LIBRARY = "libc++";
				CLANG_ENABLE_MODULES = YES;
				CLANG_ENABLE_OBJC_ARC = YES;
				CLANG_ENABLE_OBJC_WEAK = YES;
				CLANG_WARN_BLOCK_CAPTURE_AUTORELEASING = YES;
				CLANG_WARN_BOOL_CONVERSION = YES;
				CLANG_WARN_COMMA = YES;
				CLANG_WARN_CONSTANT_CONVERSION = YES;
				CLANG_WARN_DEPRECATED_OBJC_IMPLEMENTATIONS = YES;
				CLANG_WARN_DIRECT_OBJC_ISA_USAGE = YES_ERROR;
				CLANG_WARN_DOCUMENTATION_COMMENTS = YES;
				CLANG_WARN_EMPTY_BODY = YES;
				CLANG_WARN_ENUM_CONVERSION = YES;
				CLANG_WARN_INFINITE_RECURSION = YES;
				CLANG_WARN_INT_CONVERSION = YES;
				CLANG_WARN_NON_LITERAL_NULL_CONVERSION = YES;
				CLANG_WARN_OBJC_IMPLICIT_RETAIN_SELF = YES;
				CLANG_WARN_OBJC_LITERAL_CONVERSION = YES;
				CLANG_WARN_OBJC_ROOT_CLASS = YES_ERROR;
				CLANG_WARN_RANGE_LOOP_ANALYSIS = YES;
				CLANG_WARN_STRICT_PROTOTYPES = YES;
				CLANG_WARN_SUSPICIOUS_MOVE = YES;
				CLANG_WARN_UNGUARDED_AVAILABILITY = YES_AGGRESSIVE;
				CLANG_WARN_UNREACHABLE_CODE = YES;
				CLANG_WARN__DUPLICATE_METHOD_MATCH = YES;
				CODE_SIGN_IDENTITY = "iPhone Developer";
				COPY_PHASE_STRIP = NO;
				DEBUG_INFORMATION_FORMAT = dwarf;
				ENABLE_STRICT_OBJC_MSGSEND = YES;
				ENABLE_TESTABILITY = YES;
				GCC_C_LANGUAGE_STANDARD = gnu11;
				GCC_DYNAMIC_NO_PIC = NO;
				GCC_NO_COMMON_BLOCKS = YES;
				GCC_OPTIMIZATION_LEVEL = 0;
				GCC_PREPROCESSOR_DEFINITIONS = (
					"DEBUG=1",
					"$(inherited)",
				);
				GCC_WARN_64_TO_32_BIT_CONVERSION = YES;
				GCC_WARN_ABOUT_RETURN_TYPE = YES_ERROR;
				GCC_WARN_UNDECLARED_SELECTOR = YES;
				GCC_WARN_UNINITIALIZED_AUTOS = YES_AGGRESSIVE;
				GCC_WARN_UNUSED_FUNCTION = YES;
				GCC_WARN_UNUSED_VARIABLE = YES;
				IPHONEOS_DEPLOYMENT_TARGET = 12.4;
				MTL_ENABLE_DEBUG_INFO = INCLUDE_SOURCE;
				MTL_FAST_MATH = YES;
				ONLY_ACTIVE_ARCH = YES;
				SDKROOT = iphoneos;
				SWIFT_ACTIVE_COMPILATION_CONDITIONS = DEBUG;
				SWIFT_OPTIMIZATION_LEVEL = "-Onone";
			};
			name = Debug;
		};
		AB9E8E74230C190400BDC69A /* Release */ = {
			isa = XCBuildConfiguration;
			buildSettings = {
				ALWAYS_SEARCH_USER_PATHS = NO;
				CLANG_ANALYZER_NONNULL = YES;
				CLANG_ANALYZER_NUMBER_OBJECT_CONVERSION = YES_AGGRESSIVE;
				CLANG_CXX_LANGUAGE_STANDARD = "gnu++14";
				CLANG_CXX_LIBRARY = "libc++";
				CLANG_ENABLE_MODULES = YES;
				CLANG_ENABLE_OBJC_ARC = YES;
				CLANG_ENABLE_OBJC_WEAK = YES;
				CLANG_WARN_BLOCK_CAPTURE_AUTORELEASING = YES;
				CLANG_WARN_BOOL_CONVERSION = YES;
				CLANG_WARN_COMMA = YES;
				CLANG_WARN_CONSTANT_CONVERSION = YES;
				CLANG_WARN_DEPRECATED_OBJC_IMPLEMENTATIONS = YES;
				CLANG_WARN_DIRECT_OBJC_ISA_USAGE = YES_ERROR;
				CLANG_WARN_DOCUMENTATION_COMMENTS = YES;
				CLANG_WARN_EMPTY_BODY = YES;
				CLANG_WARN_ENUM_CONVERSION = YES;
				CLANG_WARN_INFINITE_RECURSION = YES;
				CLANG_WARN_INT_CONVERSION = YES;
				CLANG_WARN_NON_LITERAL_NULL_CONVERSION = YES;
				CLANG_WARN_OBJC_IMPLICIT_RETAIN_SELF = YES;
				CLANG_WARN_OBJC_LITERAL_CONVERSION = YES;
				CLANG_WARN_OBJC_ROOT_CLASS = YES_ERROR;
				CLANG_WARN_RANGE_LOOP_ANALYSIS = YES;
				CLANG_WARN_STRICT_PROTOTYPES = YES;
				CLANG_WARN_SUSPICIOUS_MOVE = YES;
				CLANG_WARN_UNGUARDED_AVAILABILITY = YES_AGGRESSIVE;
				CLANG_WARN_UNREACHABLE_CODE = YES;
				CLANG_WARN__DUPLICATE_METHOD_MATCH = YES;
				CODE_SIGN_IDENTITY = "iPhone Developer";
				COPY_PHASE_STRIP = NO;
				DEBUG_INFORMATION_FORMAT = "dwarf-with-dsym";
				ENABLE_NS_ASSERTIONS = NO;
				ENABLE_STRICT_OBJC_MSGSEND = YES;
				GCC_C_LANGUAGE_STANDARD = gnu11;
				GCC_NO_COMMON_BLOCKS = YES;
				GCC_WARN_64_TO_32_BIT_CONVERSION = YES;
				GCC_WARN_ABOUT_RETURN_TYPE = YES_ERROR;
				GCC_WARN_UNDECLARED_SELECTOR = YES;
				GCC_WARN_UNINITIALIZED_AUTOS = YES_AGGRESSIVE;
				GCC_WARN_UNUSED_FUNCTION = YES;
				GCC_WARN_UNUSED_VARIABLE = YES;
				IPHONEOS_DEPLOYMENT_TARGET = 12.4;
				MTL_ENABLE_DEBUG_INFO = NO;
				MTL_FAST_MATH = YES;
				SDKROOT = iphoneos;
				SWIFT_COMPILATION_MODE = wholemodule;
				SWIFT_OPTIMIZATION_LEVEL = "-O";
				VALIDATE_PRODUCT = YES;
			};
			name = Release;
		};
		AB9E8E76230C190400BDC69A /* Debug */ = {
			isa = XCBuildConfiguration;
			buildSettings = {
				ASSETCATALOG_COMPILER_APPICON_NAME = AppIcon;
				CODE_SIGN_STYLE = Automatic;
				DEVELOPMENT_TEAM = 739RCVJ22V;
				INFOPLIST_FILE = NamesToFaces/Info.plist;
				LD_RUNPATH_SEARCH_PATHS = (
					"$(inherited)",
					"@executable_path/Frameworks",
				);
				PRODUCT_BUNDLE_IDENTIFIER = naylalabs.NamesToFaces;
				PRODUCT_NAME = "$(TARGET_NAME)";
				SWIFT_VERSION = 5.0;
				TARGETED_DEVICE_FAMILY = "1,2";
			};
			name = Debug;
		};
		AB9E8E77230C190400BDC69A /* Release */ = {
			isa = XCBuildConfiguration;
			buildSettings = {
				ASSETCATALOG_COMPILER_APPICON_NAME = AppIcon;
				CODE_SIGN_STYLE = Automatic;
				DEVELOPMENT_TEAM = 739RCVJ22V;
				INFOPLIST_FILE = NamesToFaces/Info.plist;
				LD_RUNPATH_SEARCH_PATHS = (
					"$(inherited)",
					"@executable_path/Frameworks",
				);
				PRODUCT_BUNDLE_IDENTIFIER = naylalabs.NamesToFaces;
				PRODUCT_NAME = "$(TARGET_NAME)";
				SWIFT_VERSION = 5.0;
				TARGETED_DEVICE_FAMILY = "1,2";
			};
			name = Release;
		};
/* End XCBuildConfiguration section */

/* Begin XCConfigurationList section */
		AB9E8E5B230C190100BDC69A /* Build configuration list for PBXProject "NamesToFaces" */ = {
			isa = XCConfigurationList;
			buildConfigurations = (
				AB9E8E73230C190400BDC69A /* Debug */,
				AB9E8E74230C190400BDC69A /* Release */,
			);
			defaultConfigurationIsVisible = 0;
			defaultConfigurationName = Release;
		};
		AB9E8E75230C190400BDC69A /* Build configuration list for PBXNativeTarget "NamesToFaces" */ = {
			isa = XCConfigurationList;
			buildConfigurations = (
				AB9E8E76230C190400BDC69A /* Debug */,
				AB9E8E77230C190400BDC69A /* Release */,
			);
			defaultConfigurationIsVisible = 0;
			defaultConfigurationName = Release;
		};
/* End XCConfigurationList section */

/* Begin XCVersionGroup section */
		AB9E8E6A230C190100BDC69A /* NamesToFaces.xcdatamodeld */ = {
			isa = XCVersionGroup;
			children = (
				AB9E8E6B230C190100BDC69A /* NamesToFaces.xcdatamodel */,
			);
			currentVersion = AB9E8E6B230C190100BDC69A /* NamesToFaces.xcdatamodel */;
			path = NamesToFaces.xcdatamodeld;
			sourceTree = "<group>";
			versionGroupType = wrapper.xcdatamodel;
		};
/* End XCVersionGroup section */
	};
	rootObject = AB9E8E58230C190100BDC69A /* Project object */;
}
